// !$*UTF8*$!
{
	archiveVersion = 1;
	classes = {
	};
	objectVersion = 50;
	objects = {

/* Begin PBXBuildFile section */
		2790BBE3207CA82700B5B60A /* constr_TYPE.c in Sources */ = {isa = PBXBuildFile; fileRef = 2790BBCB207CA82600B5B60A /* constr_TYPE.c */; };
		2790BBE4207CA82700B5B60A /* xer_support.c in Sources */ = {isa = PBXBuildFile; fileRef = 2790BBCC207CA82600B5B60A /* xer_support.c */; };
		2790BBE5207CA82700B5B60A /* per_opentype.c in Sources */ = {isa = PBXBuildFile; fileRef = 2790BBCD207CA82600B5B60A /* per_opentype.c */; };
		2790BBE6207CA82700B5B60A /* constr_SEQUENCE.c in Sources */ = {isa = PBXBuildFile; fileRef = 2790BBCE207CA82600B5B60A /* constr_SEQUENCE.c */; };
		2790BBE7207CA82700B5B60A /* ber_tlv_tag.c in Sources */ = {isa = PBXBuildFile; fileRef = 2790BBCF207CA82600B5B60A /* ber_tlv_tag.c */; };
		2790BBE8207CA82700B5B60A /* asn_codecs_prim.c in Sources */ = {isa = PBXBuildFile; fileRef = 2790BBD0207CA82600B5B60A /* asn_codecs_prim.c */; };
		2790BBE9207CA82700B5B60A /* constraints.c in Sources */ = {isa = PBXBuildFile; fileRef = 2790BBD2207CA82600B5B60A /* constraints.c */; };
		2790BBEA207CA82700B5B60A /* der_encoder.c in Sources */ = {isa = PBXBuildFile; fileRef = 2790BBD3207CA82600B5B60A /* der_encoder.c */; };
		2790BBEB207CA82700B5B60A /* INTEGER.c in Sources */ = {isa = PBXBuildFile; fileRef = 2790BBD4207CA82600B5B60A /* INTEGER.c */; };
		2790BBEC207CA82700B5B60A /* NativeInteger.c in Sources */ = {isa = PBXBuildFile; fileRef = 2790BBD5207CA82600B5B60A /* NativeInteger.c */; };
		2790BBED207CA82700B5B60A /* per_decoder.c in Sources */ = {isa = PBXBuildFile; fileRef = 2790BBD6207CA82600B5B60A /* per_decoder.c */; };
		2790BBEE207CA82700B5B60A /* per_support.c in Sources */ = {isa = PBXBuildFile; fileRef = 2790BBD8207CA82600B5B60A /* per_support.c */; };
		2790BBEF207CA82700B5B60A /* ber_decoder.c in Sources */ = {isa = PBXBuildFile; fileRef = 2790BBD9207CA82600B5B60A /* ber_decoder.c */; };
		2790BBF0207CA82700B5B60A /* OCTET_STRING.c in Sources */ = {isa = PBXBuildFile; fileRef = 2790BBDA207CA82600B5B60A /* OCTET_STRING.c */; };
		2790BBF1207CA82700B5B60A /* xer_decoder.c in Sources */ = {isa = PBXBuildFile; fileRef = 2790BBDB207CA82600B5B60A /* xer_decoder.c */; };
		2790BBF2207CA82700B5B60A /* per_encoder.c in Sources */ = {isa = PBXBuildFile; fileRef = 2790BBDC207CA82700B5B60A /* per_encoder.c */; };
		2790BBF3207CA82700B5B60A /* BIT_STRING.c in Sources */ = {isa = PBXBuildFile; fileRef = 2790BBDE207CA82700B5B60A /* BIT_STRING.c */; };
		2790BBF4207CA82700B5B60A /* Rectangle.c in Sources */ = {isa = PBXBuildFile; fileRef = 2790BBDF207CA82700B5B60A /* Rectangle.c */; };
		2790BBF5207CA82700B5B60A /* xer_encoder.c in Sources */ = {isa = PBXBuildFile; fileRef = 2790BBE0207CA82700B5B60A /* xer_encoder.c */; };
		2790BBF6207CA82700B5B60A /* ber_tlv_length.c in Sources */ = {isa = PBXBuildFile; fileRef = 2790BBE1207CA82700B5B60A /* ber_tlv_length.c */; };
		2790BBF7207CA82700B5B60A /* NativeEnumerated.c in Sources */ = {isa = PBXBuildFile; fileRef = 2790BBE2207CA82700B5B60A /* NativeEnumerated.c */; };
		27BA016A207BDE3B00B6E3FA /* AppDelegate.swift in Sources */ = {isa = PBXBuildFile; fileRef = 27BA0169207BDE3B00B6E3FA /* AppDelegate.swift */; };
		27BA016C207BDE3B00B6E3FA /* ViewController.swift in Sources */ = {isa = PBXBuildFile; fileRef = 27BA016B207BDE3B00B6E3FA /* ViewController.swift */; };
		27BA016F207BDE3B00B6E3FA /* Main.storyboard in Resources */ = {isa = PBXBuildFile; fileRef = 27BA016D207BDE3B00B6E3FA /* Main.storyboard */; };
		27BA0171207BDE3C00B6E3FA /* Assets.xcassets in Resources */ = {isa = PBXBuildFile; fileRef = 27BA0170207BDE3C00B6E3FA /* Assets.xcassets */; };
		27BA0174207BDE3C00B6E3FA /* LaunchScreen.storyboard in Resources */ = {isa = PBXBuildFile; fileRef = 27BA0172207BDE3C00B6E3FA /* LaunchScreen.storyboard */; };
		27BA0183207BDEC400B6E3FA /* main.cpp in Sources */ = {isa = PBXBuildFile; fileRef = 27BA0181207BDEC400B6E3FA /* main.cpp */; };
		27BA01D4207BFF3C00B6E3FA /* ISO-18013-5.asn1 in Resources */ = {isa = PBXBuildFile; fileRef = 27BA01D3207BFF3C00B6E3FA /* ISO-18013-5.asn1 */; };
/* End PBXBuildFile section */

/* Begin PBXFileReference section */
		2790BBCB207CA82600B5B60A /* constr_TYPE.c */ = {isa = PBXFileReference; fileEncoding = 4; lastKnownFileType = sourcecode.c.c; name = constr_TYPE.c; path = ../../../../shared/asn/constr_TYPE.c; sourceTree = "<group>"; };
		2790BBCC207CA82600B5B60A /* xer_support.c */ = {isa = PBXFileReference; fileEncoding = 4; lastKnownFileType = sourcecode.c.c; name = xer_support.c; path = ../../../../shared/asn/xer_support.c; sourceTree = "<group>"; };
		2790BBCD207CA82600B5B60A /* per_opentype.c */ = {isa = PBXFileReference; fileEncoding = 4; lastKnownFileType = sourcecode.c.c; name = per_opentype.c; path = ../../../../shared/asn/per_opentype.c; sourceTree = "<group>"; };
		2790BBCE207CA82600B5B60A /* constr_SEQUENCE.c */ = {isa = PBXFileReference; fileEncoding = 4; lastKnownFileType = sourcecode.c.c; name = constr_SEQUENCE.c; path = ../../../../shared/asn/constr_SEQUENCE.c; sourceTree = "<group>"; };
		2790BBCF207CA82600B5B60A /* ber_tlv_tag.c */ = {isa = PBXFileReference; fileEncoding = 4; lastKnownFileType = sourcecode.c.c; name = ber_tlv_tag.c; path = ../../../../shared/asn/ber_tlv_tag.c; sourceTree = "<group>"; };
		2790BBD0207CA82600B5B60A /* asn_codecs_prim.c */ = {isa = PBXFileReference; fileEncoding = 4; lastKnownFileType = sourcecode.c.c; name = asn_codecs_prim.c; path = ../../../../shared/asn/asn_codecs_prim.c; sourceTree = "<group>"; };
		2790BBD1207CA82600B5B60A /* asn_codecs.h */ = {isa = PBXFileReference; fileEncoding = 4; lastKnownFileType = sourcecode.c.h; name = asn_codecs.h; path = ../../../../shared/asn/asn_codecs.h; sourceTree = "<group>"; };
		2790BBD2207CA82600B5B60A /* constraints.c */ = {isa = PBXFileReference; fileEncoding = 4; lastKnownFileType = sourcecode.c.c; name = constraints.c; path = ../../../../shared/asn/constraints.c; sourceTree = "<group>"; };
		2790BBD3207CA82600B5B60A /* der_encoder.c */ = {isa = PBXFileReference; fileEncoding = 4; lastKnownFileType = sourcecode.c.c; name = der_encoder.c; path = ../../../../shared/asn/der_encoder.c; sourceTree = "<group>"; };
		2790BBD4207CA82600B5B60A /* INTEGER.c */ = {isa = PBXFileReference; fileEncoding = 4; lastKnownFileType = sourcecode.c.c; name = INTEGER.c; path = ../../../../shared/asn/INTEGER.c; sourceTree = "<group>"; };
		2790BBD5207CA82600B5B60A /* NativeInteger.c */ = {isa = PBXFileReference; fileEncoding = 4; lastKnownFileType = sourcecode.c.c; name = NativeInteger.c; path = ../../../../shared/asn/NativeInteger.c; sourceTree = "<group>"; };
		2790BBD6207CA82600B5B60A /* per_decoder.c */ = {isa = PBXFileReference; fileEncoding = 4; lastKnownFileType = sourcecode.c.c; name = per_decoder.c; path = ../../../../shared/asn/per_decoder.c; sourceTree = "<group>"; };
		2790BBD7207CA82600B5B60A /* per_encoder.h */ = {isa = PBXFileReference; fileEncoding = 4; lastKnownFileType = sourcecode.c.h; name = per_encoder.h; path = ../../../../shared/asn/per_encoder.h; sourceTree = "<group>"; };
		2790BBD8207CA82600B5B60A /* per_support.c */ = {isa = PBXFileReference; fileEncoding = 4; lastKnownFileType = sourcecode.c.c; name = per_support.c; path = ../../../../shared/asn/per_support.c; sourceTree = "<group>"; };
		2790BBD9207CA82600B5B60A /* ber_decoder.c */ = {isa = PBXFileReference; fileEncoding = 4; lastKnownFileType = sourcecode.c.c; name = ber_decoder.c; path = ../../../../shared/asn/ber_decoder.c; sourceTree = "<group>"; };
		2790BBDA207CA82600B5B60A /* OCTET_STRING.c */ = {isa = PBXFileReference; fileEncoding = 4; lastKnownFileType = sourcecode.c.c; name = OCTET_STRING.c; path = ../../../../shared/asn/OCTET_STRING.c; sourceTree = "<group>"; };
		2790BBDB207CA82600B5B60A /* xer_decoder.c */ = {isa = PBXFileReference; fileEncoding = 4; lastKnownFileType = sourcecode.c.c; name = xer_decoder.c; path = ../../../../shared/asn/xer_decoder.c; sourceTree = "<group>"; };
		2790BBDC207CA82700B5B60A /* per_encoder.c */ = {isa = PBXFileReference; fileEncoding = 4; lastKnownFileType = sourcecode.c.c; name = per_encoder.c; path = ../../../../shared/asn/per_encoder.c; sourceTree = "<group>"; };
		2790BBDD207CA82700B5B60A /* xer_support.h */ = {isa = PBXFileReference; fileEncoding = 4; lastKnownFileType = sourcecode.c.h; name = xer_support.h; path = ../../../../shared/asn/xer_support.h; sourceTree = "<group>"; };
		2790BBDE207CA82700B5B60A /* BIT_STRING.c */ = {isa = PBXFileReference; fileEncoding = 4; lastKnownFileType = sourcecode.c.c; name = BIT_STRING.c; path = ../../../../shared/asn/BIT_STRING.c; sourceTree = "<group>"; };
		2790BBDF207CA82700B5B60A /* Rectangle.c */ = {isa = PBXFileReference; fileEncoding = 4; lastKnownFileType = sourcecode.c.c; name = Rectangle.c; path = ../../../../shared/asn/Rectangle.c; sourceTree = "<group>"; };
		2790BBE0207CA82700B5B60A /* xer_encoder.c */ = {isa = PBXFileReference; fileEncoding = 4; lastKnownFileType = sourcecode.c.c; name = xer_encoder.c; path = ../../../../shared/asn/xer_encoder.c; sourceTree = "<group>"; };
		2790BBE1207CA82700B5B60A /* ber_tlv_length.c */ = {isa = PBXFileReference; fileEncoding = 4; lastKnownFileType = sourcecode.c.c; name = ber_tlv_length.c; path = ../../../../shared/asn/ber_tlv_length.c; sourceTree = "<group>"; };
		2790BBE2207CA82700B5B60A /* NativeEnumerated.c */ = {isa = PBXFileReference; fileEncoding = 4; lastKnownFileType = sourcecode.c.c; name = NativeEnumerated.c; path = ../../../../shared/asn/NativeEnumerated.c; sourceTree = "<group>"; };
		27BA0166207BDE3B00B6E3FA /* example.app */ = {isa = PBXFileReference; explicitFileType = wrapper.application; includeInIndex = 0; path = example.app; sourceTree = BUILT_PRODUCTS_DIR; };
		27BA0169207BDE3B00B6E3FA /* AppDelegate.swift */ = {isa = PBXFileReference; lastKnownFileType = sourcecode.swift; path = AppDelegate.swift; sourceTree = "<group>"; };
		27BA016B207BDE3B00B6E3FA /* ViewController.swift */ = {isa = PBXFileReference; lastKnownFileType = sourcecode.swift; path = ViewController.swift; sourceTree = "<group>"; };
		27BA016E207BDE3B00B6E3FA /* Base */ = {isa = PBXFileReference; lastKnownFileType = file.storyboard; name = Base; path = Base.lproj/Main.storyboard; sourceTree = "<group>"; };
		27BA0170207BDE3C00B6E3FA /* Assets.xcassets */ = {isa = PBXFileReference; lastKnownFileType = folder.assetcatalog; path = Assets.xcassets; sourceTree = "<group>"; };
		27BA0173207BDE3C00B6E3FA /* Base */ = {isa = PBXFileReference; lastKnownFileType = file.storyboard; name = Base; path = Base.lproj/LaunchScreen.storyboard; sourceTree = "<group>"; };
		27BA0175207BDE3C00B6E3FA /* Info.plist */ = {isa = PBXFileReference; lastKnownFileType = text.plist.xml; path = Info.plist; sourceTree = "<group>"; };
		27BA017D207BDE7B00B6E3FA /* example-Bridging-Header.h */ = {isa = PBXFileReference; lastKnownFileType = sourcecode.c.h; path = "example-Bridging-Header.h"; sourceTree = "<group>"; };
		27BA0181207BDEC400B6E3FA /* main.cpp */ = {isa = PBXFileReference; fileEncoding = 4; lastKnownFileType = sourcecode.cpp.cpp; name = main.cpp; path = ../../../shared/main.cpp; sourceTree = "<group>"; };
		27BA0182207BDEC400B6E3FA /* main.h */ = {isa = PBXFileReference; fileEncoding = 4; lastKnownFileType = sourcecode.c.h; name = main.h; path = ../../../shared/main.h; sourceTree = "<group>"; };
		27BA0189207BEF8E00B6E3FA /* asn */ = {isa = PBXFileReference; lastKnownFileType = folder; name = asn; path = ../shared/asn; sourceTree = "<group>"; };
		27BA01D3207BFF3C00B6E3FA /* ISO-18013-5.asn1 */ = {isa = PBXFileReference; fileEncoding = 4; lastKnownFileType = text; name = "ISO-18013-5.asn1"; path = "../../../shared/ISO-18013-5.asn1"; sourceTree = "<group>"; };
/* End PBXFileReference section */

/* Begin PBXFrameworksBuildPhase section */
		27BA0163207BDE3B00B6E3FA /* Frameworks */ = {
			isa = PBXFrameworksBuildPhase;
			buildActionMask = 2147483647;
			files = (
			);
			runOnlyForDeploymentPostprocessing = 0;
		};
/* End PBXFrameworksBuildPhase section */

/* Begin PBXGroup section */
		2790BBCA207CA81D00B5B60A /* asn */ = {
			isa = PBXGroup;
			children = (
				2790BBD0207CA82600B5B60A /* asn_codecs_prim.c */,
				2790BBD1207CA82600B5B60A /* asn_codecs.h */,
				2790BBD9207CA82600B5B60A /* ber_decoder.c */,
				2790BBE1207CA82700B5B60A /* ber_tlv_length.c */,
				2790BBCF207CA82600B5B60A /* ber_tlv_tag.c */,
				2790BBDE207CA82700B5B60A /* BIT_STRING.c */,
				2790BBCE207CA82600B5B60A /* constr_SEQUENCE.c */,
				2790BBCB207CA82600B5B60A /* constr_TYPE.c */,
				2790BBD2207CA82600B5B60A /* constraints.c */,
				2790BBD3207CA82600B5B60A /* der_encoder.c */,
				2790BBD4207CA82600B5B60A /* INTEGER.c */,
				2790BBE2207CA82700B5B60A /* NativeEnumerated.c */,
				2790BBD5207CA82600B5B60A /* NativeInteger.c */,
				2790BBDA207CA82600B5B60A /* OCTET_STRING.c */,
				2790BBD6207CA82600B5B60A /* per_decoder.c */,
				2790BBDC207CA82700B5B60A /* per_encoder.c */,
				2790BBD7207CA82600B5B60A /* per_encoder.h */,
				2790BBCD207CA82600B5B60A /* per_opentype.c */,
				2790BBD8207CA82600B5B60A /* per_support.c */,
				2790BBDF207CA82700B5B60A /* Rectangle.c */,
				2790BBDB207CA82600B5B60A /* xer_decoder.c */,
				2790BBE0207CA82700B5B60A /* xer_encoder.c */,
				2790BBCC207CA82600B5B60A /* xer_support.c */,
				2790BBDD207CA82700B5B60A /* xer_support.h */,
			);
			path = asn;
			sourceTree = "<group>";
		};
		27BA015D207BDE3B00B6E3FA = {
			isa = PBXGroup;
			children = (
				27BA0168207BDE3B00B6E3FA /* example */,
				27BA0167207BDE3B00B6E3FA /* Products */,
				27BA0188207BEF8E00B6E3FA /* Frameworks */,
			);
			sourceTree = "<group>";
		};
		27BA0167207BDE3B00B6E3FA /* Products */ = {
			isa = PBXGroup;
			children = (
				27BA0166207BDE3B00B6E3FA /* example.app */,
			);
			name = Products;
			sourceTree = "<group>";
		};
		27BA0168207BDE3B00B6E3FA /* example */ = {
			isa = PBXGroup;
			children = (
				27BA0180207BDEBC00B6E3FA /* shared */,
				27BA0169207BDE3B00B6E3FA /* AppDelegate.swift */,
				27BA016B207BDE3B00B6E3FA /* ViewController.swift */,
				27BA016D207BDE3B00B6E3FA /* Main.storyboard */,
				27BA0170207BDE3C00B6E3FA /* Assets.xcassets */,
				27BA0172207BDE3C00B6E3FA /* LaunchScreen.storyboard */,
				27BA0175207BDE3C00B6E3FA /* Info.plist */,
				27BA017D207BDE7B00B6E3FA /* example-Bridging-Header.h */,
			);
			path = example;
			sourceTree = "<group>";
		};
		27BA0180207BDEBC00B6E3FA /* shared */ = {
			isa = PBXGroup;
			children = (
				2790BBCA207CA81D00B5B60A /* asn */,
				27BA0181207BDEC400B6E3FA /* main.cpp */,
				27BA0182207BDEC400B6E3FA /* main.h */,
				27BA01D3207BFF3C00B6E3FA /* ISO-18013-5.asn1 */,
			);
			path = shared;
			sourceTree = "<group>";
		};
		27BA0188207BEF8E00B6E3FA /* Frameworks */ = {
			isa = PBXGroup;
			children = (
				27BA0189207BEF8E00B6E3FA /* asn */,
			);
			name = Frameworks;
			sourceTree = "<group>";
		};
/* End PBXGroup section */

/* Begin PBXNativeTarget section */
		27BA0165207BDE3B00B6E3FA /* example */ = {
			isa = PBXNativeTarget;
			buildConfigurationList = 27BA0178207BDE3C00B6E3FA /* Build configuration list for PBXNativeTarget "example" */;
			buildPhases = (
				27BA0162207BDE3B00B6E3FA /* Sources */,
				27BA0163207BDE3B00B6E3FA /* Frameworks */,
				27BA0164207BDE3B00B6E3FA /* Resources */,
			);
			buildRules = (
			);
			dependencies = (
			);
			name = example;
			productName = example;
			productReference = 27BA0166207BDE3B00B6E3FA /* example.app */;
			productType = "com.apple.product-type.application";
		};
/* End PBXNativeTarget section */

/* Begin PBXProject section */
		27BA015E207BDE3B00B6E3FA /* Project object */ = {
			isa = PBXProject;
			attributes = {
				LastSwiftUpdateCheck = 0930;
				LastUpgradeCheck = 0930;
				ORGANIZATIONNAME = "Iain Munro";
				TargetAttributes = {
					27BA0165207BDE3B00B6E3FA = {
						CreatedOnToolsVersion = 9.3;
						LastSwiftMigration = 0930;
					};
				};
			};
			buildConfigurationList = 27BA0161207BDE3B00B6E3FA /* Build configuration list for PBXProject "example" */;
			compatibilityVersion = "Xcode 9.3";
			developmentRegion = en;
			hasScannedForEncodings = 0;
			knownRegions = (
				en,
				Base,
			);
			mainGroup = 27BA015D207BDE3B00B6E3FA;
			productRefGroup = 27BA0167207BDE3B00B6E3FA /* Products */;
			projectDirPath = "";
			projectRoot = "";
			targets = (
				27BA0165207BDE3B00B6E3FA /* example */,
			);
		};
/* End PBXProject section */

/* Begin PBXResourcesBuildPhase section */
		27BA0164207BDE3B00B6E3FA /* Resources */ = {
			isa = PBXResourcesBuildPhase;
			buildActionMask = 2147483647;
			files = (
				27BA01D4207BFF3C00B6E3FA /* ISO-18013-5.asn1 in Resources */,
				27BA0174207BDE3C00B6E3FA /* LaunchScreen.storyboard in Resources */,
				27BA0171207BDE3C00B6E3FA /* Assets.xcassets in Resources */,
				27BA016F207BDE3B00B6E3FA /* Main.storyboard in Resources */,
			);
			runOnlyForDeploymentPostprocessing = 0;
		};
/* End PBXResourcesBuildPhase section */

/* Begin PBXSourcesBuildPhase section */
		27BA0162207BDE3B00B6E3FA /* Sources */ = {
			isa = PBXSourcesBuildPhase;
			buildActionMask = 2147483647;
			files = (
				2790BBF5207CA82700B5B60A /* xer_encoder.c in Sources */,
				2790BBE3207CA82700B5B60A /* constr_TYPE.c in Sources */,
				27BA016C207BDE3B00B6E3FA /* ViewController.swift in Sources */,
				2790BBF2207CA82700B5B60A /* per_encoder.c in Sources */,
				2790BBEA207CA82700B5B60A /* der_encoder.c in Sources */,
				2790BBE9207CA82700B5B60A /* constraints.c in Sources */,
				2790BBED207CA82700B5B60A /* per_decoder.c in Sources */,
				2790BBEB207CA82700B5B60A /* INTEGER.c in Sources */,
				27BA016A207BDE3B00B6E3FA /* AppDelegate.swift in Sources */,
				2790BBF0207CA82700B5B60A /* OCTET_STRING.c in Sources */,
				2790BBEC207CA82700B5B60A /* NativeInteger.c in Sources */,
				2790BBF3207CA82700B5B60A /* BIT_STRING.c in Sources */,
				2790BBE8207CA82700B5B60A /* asn_codecs_prim.c in Sources */,
				2790BBE6207CA82700B5B60A /* constr_SEQUENCE.c in Sources */,
				27BA0183207BDEC400B6E3FA /* main.cpp in Sources */,
				2790BBF4207CA82700B5B60A /* Rectangle.c in Sources */,
				2790BBE4207CA82700B5B60A /* xer_support.c in Sources */,
				2790BBEF207CA82700B5B60A /* ber_decoder.c in Sources */,
				2790BBF1207CA82700B5B60A /* xer_decoder.c in Sources */,
				2790BBE5207CA82700B5B60A /* per_opentype.c in Sources */,
				2790BBF7207CA82700B5B60A /* NativeEnumerated.c in Sources */,
				2790BBF6207CA82700B5B60A /* ber_tlv_length.c in Sources */,
				2790BBEE207CA82700B5B60A /* per_support.c in Sources */,
				2790BBE7207CA82700B5B60A /* ber_tlv_tag.c in Sources */,
			);
			runOnlyForDeploymentPostprocessing = 0;
		};
/* End PBXSourcesBuildPhase section */

/* Begin PBXVariantGroup section */
		27BA016D207BDE3B00B6E3FA /* Main.storyboard */ = {
			isa = PBXVariantGroup;
			children = (
				27BA016E207BDE3B00B6E3FA /* Base */,
			);
			name = Main.storyboard;
			sourceTree = "<group>";
		};
		27BA0172207BDE3C00B6E3FA /* LaunchScreen.storyboard */ = {
			isa = PBXVariantGroup;
			children = (
				27BA0173207BDE3C00B6E3FA /* Base */,
			);
			name = LaunchScreen.storyboard;
			sourceTree = "<group>";
		};
/* End PBXVariantGroup section */

/* Begin XCBuildConfiguration section */
		27BA0176207BDE3C00B6E3FA /* Debug */ = {
			isa = XCBuildConfiguration;
			buildSettings = {
				ALWAYS_SEARCH_USER_PATHS = NO;
				CLANG_ANALYZER_NONNULL = YES;
				CLANG_ANALYZER_NUMBER_OBJECT_CONVERSION = YES_AGGRESSIVE;
				CLANG_CXX_LANGUAGE_STANDARD = "gnu++14";
				CLANG_CXX_LIBRARY = "libc++";
				CLANG_ENABLE_MODULES = YES;
				CLANG_ENABLE_OBJC_ARC = YES;
				CLANG_ENABLE_OBJC_WEAK = YES;
				CLANG_WARN_BLOCK_CAPTURE_AUTORELEASING = YES;
				CLANG_WARN_BOOL_CONVERSION = YES;
				CLANG_WARN_COMMA = YES;
				CLANG_WARN_CONSTANT_CONVERSION = YES;
				CLANG_WARN_DEPRECATED_OBJC_IMPLEMENTATIONS = YES;
				CLANG_WARN_DIRECT_OBJC_ISA_USAGE = YES_ERROR;
				CLANG_WARN_DOCUMENTATION_COMMENTS = YES;
				CLANG_WARN_EMPTY_BODY = YES;
				CLANG_WARN_ENUM_CONVERSION = YES;
				CLANG_WARN_INFINITE_RECURSION = YES;
				CLANG_WARN_INT_CONVERSION = YES;
				CLANG_WARN_NON_LITERAL_NULL_CONVERSION = YES;
				CLANG_WARN_OBJC_IMPLICIT_RETAIN_SELF = YES;
				CLANG_WARN_OBJC_LITERAL_CONVERSION = YES;
				CLANG_WARN_OBJC_ROOT_CLASS = YES_ERROR;
				CLANG_WARN_RANGE_LOOP_ANALYSIS = YES;
				CLANG_WARN_STRICT_PROTOTYPES = YES;
				CLANG_WARN_SUSPICIOUS_MOVE = YES;
				CLANG_WARN_UNGUARDED_AVAILABILITY = YES_AGGRESSIVE;
				CLANG_WARN_UNREACHABLE_CODE = YES;
				CLANG_WARN__DUPLICATE_METHOD_MATCH = YES;
				CODE_SIGN_IDENTITY = "iPhone Developer";
				COPY_PHASE_STRIP = NO;
				DEBUG_INFORMATION_FORMAT = dwarf;
				ENABLE_STRICT_OBJC_MSGSEND = YES;
				ENABLE_TESTABILITY = YES;
				GCC_C_LANGUAGE_STANDARD = gnu11;
				GCC_DYNAMIC_NO_PIC = NO;
				GCC_NO_COMMON_BLOCKS = YES;
				GCC_OPTIMIZATION_LEVEL = 0;
				GCC_PREPROCESSOR_DEFINITIONS = (
					"DEBUG=1",
					"$(inherited)",
				);
				GCC_WARN_64_TO_32_BIT_CONVERSION = YES;
				GCC_WARN_ABOUT_RETURN_TYPE = YES_ERROR;
				GCC_WARN_UNDECLARED_SELECTOR = YES;
				GCC_WARN_UNINITIALIZED_AUTOS = YES_AGGRESSIVE;
				GCC_WARN_UNUSED_FUNCTION = YES;
				GCC_WARN_UNUSED_VARIABLE = YES;
				IPHONEOS_DEPLOYMENT_TARGET = 11.3;
				MTL_ENABLE_DEBUG_INFO = YES;
				ONLY_ACTIVE_ARCH = YES;
				SDKROOT = iphoneos;
				SWIFT_ACTIVE_COMPILATION_CONDITIONS = DEBUG;
				SWIFT_OPTIMIZATION_LEVEL = "-Onone";
			};
			name = Debug;
		};
		27BA0177207BDE3C00B6E3FA /* Release */ = {
			isa = XCBuildConfiguration;
			buildSettings = {
				ALWAYS_SEARCH_USER_PATHS = NO;
				CLANG_ANALYZER_NONNULL = YES;
				CLANG_ANALYZER_NUMBER_OBJECT_CONVERSION = YES_AGGRESSIVE;
				CLANG_CXX_LANGUAGE_STANDARD = "gnu++14";
				CLANG_CXX_LIBRARY = "libc++";
				CLANG_ENABLE_MODULES = YES;
				CLANG_ENABLE_OBJC_ARC = YES;
				CLANG_ENABLE_OBJC_WEAK = YES;
				CLANG_WARN_BLOCK_CAPTURE_AUTORELEASING = YES;
				CLANG_WARN_BOOL_CONVERSION = YES;
				CLANG_WARN_COMMA = YES;
				CLANG_WARN_CONSTANT_CONVERSION = YES;
				CLANG_WARN_DEPRECATED_OBJC_IMPLEMENTATIONS = YES;
				CLANG_WARN_DIRECT_OBJC_ISA_USAGE = YES_ERROR;
				CLANG_WARN_DOCUMENTATION_COMMENTS = YES;
				CLANG_WARN_EMPTY_BODY = YES;
				CLANG_WARN_ENUM_CONVERSION = YES;
				CLANG_WARN_INFINITE_RECURSION = YES;
				CLANG_WARN_INT_CONVERSION = YES;
				CLANG_WARN_NON_LITERAL_NULL_CONVERSION = YES;
				CLANG_WARN_OBJC_IMPLICIT_RETAIN_SELF = YES;
				CLANG_WARN_OBJC_LITERAL_CONVERSION = YES;
				CLANG_WARN_OBJC_ROOT_CLASS = YES_ERROR;
				CLANG_WARN_RANGE_LOOP_ANALYSIS = YES;
				CLANG_WARN_STRICT_PROTOTYPES = YES;
				CLANG_WARN_SUSPICIOUS_MOVE = YES;
				CLANG_WARN_UNGUARDED_AVAILABILITY = YES_AGGRESSIVE;
				CLANG_WARN_UNREACHABLE_CODE = YES;
				CLANG_WARN__DUPLICATE_METHOD_MATCH = YES;
				CODE_SIGN_IDENTITY = "iPhone Developer";
				COPY_PHASE_STRIP = NO;
				DEBUG_INFORMATION_FORMAT = "dwarf-with-dsym";
				ENABLE_NS_ASSERTIONS = NO;
				ENABLE_STRICT_OBJC_MSGSEND = YES;
				GCC_C_LANGUAGE_STANDARD = gnu11;
				GCC_NO_COMMON_BLOCKS = YES;
				GCC_WARN_64_TO_32_BIT_CONVERSION = YES;
				GCC_WARN_ABOUT_RETURN_TYPE = YES_ERROR;
				GCC_WARN_UNDECLARED_SELECTOR = YES;
				GCC_WARN_UNINITIALIZED_AUTOS = YES_AGGRESSIVE;
				GCC_WARN_UNUSED_FUNCTION = YES;
				GCC_WARN_UNUSED_VARIABLE = YES;
				IPHONEOS_DEPLOYMENT_TARGET = 11.3;
				MTL_ENABLE_DEBUG_INFO = NO;
				SDKROOT = iphoneos;
				SWIFT_COMPILATION_MODE = wholemodule;
				SWIFT_OPTIMIZATION_LEVEL = "-O";
				VALIDATE_PRODUCT = YES;
			};
			name = Release;
		};
		27BA0179207BDE3C00B6E3FA /* Debug */ = {
			isa = XCBuildConfiguration;
			buildSettings = {
				ASSETCATALOG_COMPILER_APPICON_NAME = AppIcon;
				CLANG_ENABLE_MODULES = YES;
				CODE_SIGN_STYLE = Automatic;
				HEADER_SEARCH_PATHS = "$(SRCROOT)/../shared/asn/";
				INFOPLIST_FILE = example/Info.plist;
				LD_RUNPATH_SEARCH_PATHS = (
					"$(inherited)",
					"@executable_path/Frameworks",
				);
				LIBRARY_SEARCH_PATHS = "$(SRCROOT)/../shared/asn/";
				PRODUCT_BUNDLE_IDENTIFIER = com.iMunro.example;
				PRODUCT_NAME = "$(TARGET_NAME)";
				SWIFT_OBJC_BRIDGING_HEADER = "example/example-Bridging-Header.h";
				SWIFT_OPTIMIZATION_LEVEL = "-Onone";
				SWIFT_VERSION = 4.0;
				TARGETED_DEVICE_FAMILY = "1,2";
			};
			name = Debug;
		};
		27BA017A207BDE3C00B6E3FA /* Release */ = {
			isa = XCBuildConfiguration;
			buildSettings = {
				ASSETCATALOG_COMPILER_APPICON_NAME = AppIcon;
				CLANG_ENABLE_MODULES = YES;
				CODE_SIGN_STYLE = Automatic;
				HEADER_SEARCH_PATHS = "$(SRCROOT)/../shared/asn/";
				INFOPLIST_FILE = example/Info.plist;
				LD_RUNPATH_SEARCH_PATHS = (
					"$(inherited)",
					"@executable_path/Frameworks",
				);
				LIBRARY_SEARCH_PATHS = "$(SRCROOT)/../shared/asn/";
				PRODUCT_BUNDLE_IDENTIFIER = com.iMunro.example;
				PRODUCT_NAME = "$(TARGET_NAME)";
				SWIFT_OBJC_BRIDGING_HEADER = "example/example-Bridging-Header.h";
				SWIFT_VERSION = 4.0;
				TARGETED_DEVICE_FAMILY = "1,2";
			};
			name = Release;
		};
/* End XCBuildConfiguration section */

/* Begin XCConfigurationList section */
		27BA0161207BDE3B00B6E3FA /* Build configuration list for PBXProject "example" */ = {
			isa = XCConfigurationList;
			buildConfigurations = (
				27BA0176207BDE3C00B6E3FA /* Debug */,
				27BA0177207BDE3C00B6E3FA /* Release */,
			);
			defaultConfigurationIsVisible = 0;
			defaultConfigurationName = Release;
		};
		27BA0178207BDE3C00B6E3FA /* Build configuration list for PBXNativeTarget "example" */ = {
			isa = XCConfigurationList;
			buildConfigurations = (
				27BA0179207BDE3C00B6E3FA /* Debug */,
				27BA017A207BDE3C00B6E3FA /* Release */,
			);
			defaultConfigurationIsVisible = 0;
			defaultConfigurationName = Release;
		};
/* End XCConfigurationList section */
	};
	rootObject = 27BA015E207BDE3B00B6E3FA /* Project object */;
}
